
Microsoft Visual Studio Solution File, Format Version 12.00
Project("{FAE04EC0-301F-11D3-BF4B-00C04F79EFBC}") = "SFloat", "SFloat/SFloat.csproj", "{97F7F81D-9D87-4145-89F5-3D11DF3C03B4}"
EndProject
Project("{FAE04EC0-301F-11D3-BF4B-00C04F79EFBC}") = "SFloat.Test", "SFloat.Test\SFloat.Test.csproj", "{386F5620-BC63-4715-8B7A-AB7562795CE9}"
EndProject
Global
	GlobalSection(SolutionConfigurationPlatforms) = preSolution
		Debug|Any CPU = Debug|Any CPU
		Release|Any CPU = Release|Any CPU
	EndGlobalSection
	GlobalSection(ProjectConfigurationPlatforms) = postSolution
		{97F7F81D-9D87-4145-89F5-3D11DF3C03B4}.Debug|Any CPU.ActiveCfg = Debug|Any CPU
		{97F7F81D-9D87-4145-89F5-3D11DF3C03B4}.Debug|Any CPU.Build.0 = Debug|Any CPU
		{97F7F81D-9D87-4145-89F5-3D11DF3C03B4}.Release|Any CPU.ActiveCfg = Release|Any CPU
		{97F7F81D-9D87-4145-89F5-3D11DF3C03B4}.Release|Any CPU.Build.0 = Release|Any CPU
		{386F5620-BC63-4715-8B7A-AB7562795CE9}.Debug|Any CPU.ActiveCfg = Debug|Any CPU
		{386F5620-BC63-4715-8B7A-AB7562795CE9}.Debug|Any CPU.Build.0 = Debug|Any CPU
		{386F5620-BC63-4715-8B7A-AB7562795CE9}.Release|Any CPU.ActiveCfg = Release|Any CPU
		{386F5620-BC63-4715-8B7A-AB7562795CE9}.Release|Any CPU.Build.0 = Release|Any CPU
	EndGlobalSection
EndGlobal
